{
  "name": "new_portfolio",
  "lockfileVersion": 2,
  "requires": true,
  "packages": {
    "node_modules/hover.css": {
      "version": "2.3.2",
      "resolved": "https://registry.npmjs.org/hover.css/-/hover.css-2.3.2.tgz",
      "integrity": "sha1-8HGT2cdAnU45UTTTsiFbmetV4NM="
    },
    "node_modules/lity": {
      "version": "2.3.1",
      "resolved": "https://registry.npmjs.org/lity/-/lity-2.3.1.tgz",
      "integrity": "sha512-1zkU2grtI9jvxS/efNsdXxD4Uqno2OBpQiYCgGnaxHZpMXYcBoQ0eRpUqt0zbBzGlFyH4gSuJLPfStJgfC6fvw=="
    }
  },
  "dependencies": {
    "hover.css": {
      "version": "https://registry.npmjs.org/hover.css/-/hover.css-2.3.2.tgz",
      "integrity": "sha1-8HGT2cdAnU45UTTTsiFbmetV4NM="
    },
    "lity": {
      "version": "https://registry.npmjs.org/lity/-/lity-2.3.1.tgz",
      "integrity": "sha512-1zkU2grtI9jvxS/efNsdXxD4Uqno2OBpQiYCgGnaxHZpMXYcBoQ0eRpUqt0zbBzGlFyH4gSuJLPfStJgfC6fvw=="
    }
  }
}
